<?xml version="1.0" encoding="UTF-8" standalone="yes" ?>
<CodeBlocks_project_file>
	<FileVersion major="1" minor="6" />
	<Project>
		<Option title="T3" />
		<Option pch_mode="2" />
		<Option compiler="gcc" />
		<Build>
			<Target title="Release">
				<Option output="bin/Release/T3" prefix_auto="1" extension_auto="1" />
				<Option object_output="obj/Release/" />
				<Option type="0" />
				<Option compiler="gcc" />
				<Option projectLinkerOptionsRelation="2" />
				<Compiler>
					<Add option="-O2" />
					<Add directory="$(#wx)/lib/gcc_dll/mswu" />
				</Compiler>
				<ResourceCompiler>
					<Add directory="$(#wx)/lib/gcc_dll/mswu" />
				</ResourceCompiler>
				<Linker>
					<Add option="-s" />
					<Add library="libwxmsw30u.a" />
					<Add directory="$(#wx)/lib/gcc_dll" />
				</Linker>
			</Target>
		</Build>
		<Compiler>
			<Add option="-pipe" />
			<Add option="-mthreads" />
			<Add option="-D__GNUWIN32__" />
			<Add option="-D__WXMSW__" />
			<Add option="-DWXUSINGDLL" />
			<Add option="-DwxUSE_UNICODE" />
			<Add option="-Wall" />
			<Add directory="$(#wx)/include" />
		</Compiler>
		<ResourceCompiler>
			<Add directory="$(#wx)/include" />
		</ResourceCompiler>
		<Linker>
			<Add option="-mthreads" />
		</Linker>
		<Unit filename="SDL.h" />
		<Unit filename="SDL_assert.h" />
		<Unit filename="SDL_atomic.h" />
		<Unit filename="SDL_audio.h" />
		<Unit filename="SDL_bits.h" />
		<Unit filename="SDL_blendmode.h" />
		<Unit filename="SDL_clipboard.h" />
		<Unit filename="SDL_config.h" />
		<Unit filename="SDL_cpuinfo.h" />
		<Unit filename="SDL_egl.h" />
		<Unit filename="SDL_endian.h" />
		<Unit filename="SDL_error.h" />
		<Unit filename="SDL_events.h" />
		<Unit filename="SDL_filesystem.h" />
		<Unit filename="SDL_gamecontroller.h" />
		<Unit filename="SDL_gesture.h" />
		<Unit filename="SDL_haptic.h" />
		<Unit filename="SDL_hints.h" />
		<Unit filename="SDL_joystick.h" />
		<Unit filename="SDL_keyboard.h" />
		<Unit filename="SDL_keycode.h" />
		<Unit filename="SDL_loadso.h" />
		<Unit filename="SDL_log.h" />
		<Unit filename="SDL_main.h" />
		<Unit filename="SDL_messagebox.h" />
		<Unit filename="SDL_mouse.h" />
		<Unit filename="SDL_mutex.h" />
		<Unit filename="SDL_name.h" />
		<Unit filename="SDL_opengl.h" />
		<Unit filename="SDL_opengl_glext.h" />
		<Unit filename="SDL_opengles.h" />
		<Unit filename="SDL_opengles2.h" />
		<Unit filename="SDL_opengles2_gl2.h" />
		<Unit filename="SDL_opengles2_gl2ext.h" />
		<Unit filename="SDL_opengles2_gl2platform.h" />
		<Unit filename="SDL_opengles2_khrplatform.h" />
		<Unit filename="SDL_pixels.h" />
		<Unit filename="SDL_platform.h" />
		<Unit filename="SDL_power.h" />
		<Unit filename="SDL_quit.h" />
		<Unit filename="SDL_rect.h" />
		<Unit filename="SDL_render.h" />
		<Unit filename="SDL_revision.h" />
		<Unit filename="SDL_rwops.h" />
		<Unit filename="SDL_scancode.h" />
		<Unit filename="SDL_shape.h" />
		<Unit filename="SDL_stdinc.h" />
		<Unit filename="SDL_surface.h" />
		<Unit filename="SDL_system.h" />
		<Unit filename="SDL_syswm.h" />
		<Unit filename="SDL_test.h" />
		<Unit filename="SDL_test_assert.h" />
		<Unit filename="SDL_test_common.h" />
		<Unit filename="SDL_test_compare.h" />
		<Unit filename="SDL_test_crc32.h" />
		<Unit filename="SDL_test_font.h" />
		<Unit filename="SDL_test_fuzzer.h" />
		<Unit filename="SDL_test_harness.h" />
		<Unit filename="SDL_test_images.h" />
		<Unit filename="SDL_test_log.h" />
		<Unit filename="SDL_test_md5.h" />
		<Unit filename="SDL_test_memory.h" />
		<Unit filename="SDL_test_random.h" />
		<Unit filename="SDL_thread.h" />
		<Unit filename="SDL_timer.h" />
		<Unit filename="SDL_touch.h" />
		<Unit filename="SDL_types.h" />
		<Unit filename="SDL_version.h" />
		<Unit filename="SDL_video.h" />
		<Unit filename="SDL_vulkan.h" />
		<Unit filename="SortAlgo.cpp" />
		<Unit filename="SortAlgo.h" />
		<Unit filename="SortSound.cpp" />
		<Unit filename="T3App.cpp" />
		<Unit filename="T3App.h" />
		<Unit filename="T3Main.cpp" />
		<Unit filename="T3Main.h" />
		<Unit filename="WMain.cpp" />
		<Unit filename="WMain.h" />
		<Unit filename="WSortView.cpp" />
		<Unit filename="WSortView.h" />
		<Unit filename="begin_code.h" />
		<Unit filename="close_code.h" />
		<Unit filename="resource.rc">
			<Option compilerVar="WINDRES" />
		</Unit>
		<Unit filename="wxClickText.cpp" />
		<Unit filename="wxClickText.h" />
		<Extensions>
			<code_completion />
			<envvars />
			<debugger />
		</Extensions>
	</Project>
</CodeBlocks_project_file>
